{
  "version": 4,
  "terraform_version": "1.4.6",
  "serial": 5,
  "lineage": "3829c72c-bac3-8f0f-302d-493fc4e361de",
  "outputs": {},
  "resources": [
    {
      "mode": "managed",
      "type": "google_dataproc_cluster",
      "name": "spark-cluster",
      "provider": "provider[\"registry.terraform.io/hashicorp/google\"]",
      "instances": [
        {
          "schema_version": 0,
          "attributes": {
            "cluster_config": [
              {
                "autoscaling_config": [],
                "bucket": "nfl-spark-staging_nfl-project-de",
                "dataproc_metric_config": [],
                "encryption_config": [],
                "endpoint_config": [
                  {
                    "enable_http_port_access": false,
                    "http_ports": {}
                  }
                ],
                "gce_cluster_config": [
                  {
                    "internal_ip_only": false,
                    "metadata": null,
                    "network": "https://www.googleapis.com/compute/v1/projects/nfl-project-de/global/networks/default",
                    "node_group_affinity": [],
                    "reservation_affinity": [],
                    "service_account": "nfl-user@nfl-project-de.iam.gserviceaccount.com",
                    "service_account_scopes": [
                      "https://www.googleapis.com/auth/cloud-platform"
                    ],
                    "shielded_instance_config": [],
                    "subnetwork": "",
                    "tags": [
                      "nfl-project-de",
                      "project"
                    ],
                    "zone": "asia-east1-c"
                  }
                ],
                "initialization_action": [],
                "lifecycle_config": [],
                "master_config": [
                  {
                    "accelerators": [],
                    "disk_config": [
                      {
                        "boot_disk_size_gb": 200,
                        "boot_disk_type": "pd-ssd",
                        "num_local_ssds": 0
                      }
                    ],
                    "image_uri": "https://www.googleapis.com/compute/v1/projects/cloud-dataproc/global/images/dataproc-2-0-deb10-20220324-060200-rc01",
                    "instance_names": [
                      "nfl-spark-cluster-m"
                    ],
                    "machine_type": "e2-standard-4",
                    "min_cpu_platform": "AUTOMATIC",
                    "num_instances": 1
                  }
                ],
                "metastore_config": [],
                "preemptible_worker_config": [
                  {
                    "disk_config": [],
                    "instance_names": [],
                    "num_instances": 0,
                    "preemptibility": "PREEMPTIBLE"
                  }
                ],
                "security_config": [],
                "software_config": [
                  {
                    "image_version": "2.0.35-debian10",
                    "optional_components": null,
                    "override_properties": {
                      "dataproc:dataproc.allow.zero.workers": "true"
                    },
                    "properties": {
                      "capacity-scheduler:yarn.scheduler.capacity.root.default.ordering-policy": "fair",
                      "core:fs.gs.block.size": "134217728",
                      "core:fs.gs.metadata.cache.enable": "false",
                      "core:hadoop.ssl.enabled.protocols": "TLSv1,TLSv1.1,TLSv1.2",
                      "dataproc:dataproc.allow.zero.workers": "true",
                      "distcp:mapreduce.map.java.opts": "-Xmx768m",
                      "distcp:mapreduce.map.memory.mb": "1024",
                      "distcp:mapreduce.reduce.java.opts": "-Xmx768m",
                      "distcp:mapreduce.reduce.memory.mb": "1024",
                      "hadoop-env:HADOOP_DATANODE_OPTS": "-Xmx512m",
                      "hdfs:dfs.datanode.address": "0.0.0.0:9866",
                      "hdfs:dfs.datanode.http.address": "0.0.0.0:9864",
                      "hdfs:dfs.datanode.https.address": "0.0.0.0:9865",
                      "hdfs:dfs.datanode.ipc.address": "0.0.0.0:9867",
                      "hdfs:dfs.namenode.handler.count": "20",
                      "hdfs:dfs.namenode.http-address": "0.0.0.0:9870",
                      "hdfs:dfs.namenode.https-address": "0.0.0.0:9871",
                      "hdfs:dfs.namenode.lifeline.rpc-address": "nfl-spark-cluster-m:8050",
                      "hdfs:dfs.namenode.secondary.http-address": "0.0.0.0:9868",
                      "hdfs:dfs.namenode.secondary.https-address": "0.0.0.0:9869",
                      "hdfs:dfs.namenode.service.handler.count": "10",
                      "hdfs:dfs.namenode.servicerpc-address": "nfl-spark-cluster-m:8051",
                      "hive:hive.fetch.task.conversion": "none",
                      "mapred-env:HADOOP_JOB_HISTORYSERVER_HEAPSIZE": "4000",
                      "mapred:mapreduce.job.maps": "9",
                      "mapred:mapreduce.job.reduce.slowstart.completedmaps": "0.95",
                      "mapred:mapreduce.job.reduces": "3",
                      "mapred:mapreduce.jobhistory.recovery.store.class": "org.apache.hadoop.mapreduce.v2.hs.HistoryServerLeveldbStateStoreService",
                      "mapred:mapreduce.map.cpu.vcores": "1",
                      "mapred:mapreduce.map.java.opts": "-Xmx2708m",
                      "mapred:mapreduce.map.memory.mb": "3386",
                      "mapred:mapreduce.reduce.cpu.vcores": "1",
                      "mapred:mapreduce.reduce.java.opts": "-Xmx2708m",
                      "mapred:mapreduce.reduce.memory.mb": "3386",
                      "mapred:mapreduce.task.io.sort.mb": "256",
                      "mapred:yarn.app.mapreduce.am.command-opts": "-Xmx2708m",
                      "mapred:yarn.app.mapreduce.am.resource.cpu-vcores": "1",
                      "mapred:yarn.app.mapreduce.am.resource.mb": "3386",
                      "spark-env:SPARK_DAEMON_MEMORY": "4000m",
                      "spark:spark.driver.maxResultSize": "2048m",
                      "spark:spark.driver.memory": "4096m",
                      "spark:spark.executor.cores": "2",
                      "spark:spark.executor.instances": "2",
                      "spark:spark.executor.memory": "6157m",
                      "spark:spark.executorEnv.OPENBLAS_NUM_THREADS": "1",
                      "spark:spark.extraListeners": "com.google.cloud.spark.performance.DataprocMetricsListener",
                      "spark:spark.scheduler.mode": "FAIR",
                      "spark:spark.sql.cbo.enabled": "true",
                      "spark:spark.ui.port": "0",
                      "spark:spark.yarn.am.memory": "640m",
                      "yarn-env:YARN_NODEMANAGER_HEAPSIZE": "1638",
                      "yarn-env:YARN_RESOURCEMANAGER_HEAPSIZE": "4000",
                      "yarn-env:YARN_TIMELINESERVER_HEAPSIZE": "4000",
                      "yarn:yarn.nodemanager.address": "0.0.0.0:8026",
                      "yarn:yarn.nodemanager.resource.cpu-vcores": "4",
                      "yarn:yarn.nodemanager.resource.memory-mb": "13544",
                      "yarn:yarn.resourcemanager.nodemanager-graceful-decommission-timeout-secs": "86400",
                      "yarn:yarn.scheduler.maximum-allocation-mb": "13544",
                      "yarn:yarn.scheduler.minimum-allocation-mb": "1"
                    }
                  }
                ],
                "staging_bucket": "nfl-spark-staging_nfl-project-de",
                "temp_bucket": "dataproc-temp-asia-east1-447072446412-2avywn4z",
                "worker_config": [
                  {
                    "accelerators": [],
                    "disk_config": [
                      {
                        "boot_disk_size_gb": null,
                        "boot_disk_type": null,
                        "num_local_ssds": null
                      }
                    ],
                    "image_uri": "",
                    "instance_names": [],
                    "machine_type": "",
                    "min_cpu_platform": "",
                    "num_instances": 0
                  }
                ]
              }
            ],
            "graceful_decommission_timeout": "120s",
            "id": "projects/nfl-project-de/regions/asia-east1/clusters/nfl-spark-cluster",
            "labels": {
              "goog-dataproc-autozone": "enabled",
              "goog-dataproc-cluster-name": "nfl-spark-cluster",
              "goog-dataproc-cluster-uuid": "34b1590c-6310-4ecb-b8a4-d7995627230d",
              "goog-dataproc-location": "asia-east1",
              "project": "nfl-project-de"
            },
            "name": "nfl-spark-cluster",
            "project": "nfl-project-de",
            "region": "asia-east1",
            "timeouts": null,
            "virtual_cluster_config": null
          },
          "sensitive_attributes": [],
          "private": "eyJlMmJmYjczMC1lY2FhLTExZTYtOGY4OC0zNDM2M2JjN2M0YzAiOnsiY3JlYXRlIjoyNzAwMDAwMDAwMDAwLCJkZWxldGUiOjI3MDAwMDAwMDAwMDAsInVwZGF0ZSI6MjcwMDAwMDAwMDAwMH19",
          "dependencies": [
            "google_storage_bucket.dataproc-bucket"
          ]
        }
      ]
    },
    {
      "mode": "managed",
      "type": "google_storage_bucket",
      "name": "data-lake-bucket",
      "provider": "provider[\"registry.terraform.io/hashicorp/google\"]",
      "instances": [
        {
          "schema_version": 0,
          "attributes": {
            "autoclass": [],
            "cors": [],
            "custom_placement_config": [],
            "default_event_based_hold": false,
            "encryption": [],
            "force_destroy": true,
            "id": "nfl-data-lake_nfl-project-de",
            "labels": {},
            "lifecycle_rule": [
              {
                "action": [
                  {
                    "storage_class": "",
                    "type": "Delete"
                  }
                ],
                "condition": [
                  {
                    "age": 30,
                    "created_before": "",
                    "custom_time_before": "",
                    "days_since_custom_time": 0,
                    "days_since_noncurrent_time": 0,
                    "matches_prefix": [],
                    "matches_storage_class": [],
                    "matches_suffix": [],
                    "noncurrent_time_before": "",
                    "num_newer_versions": 0,
                    "with_state": "ANY"
                  }
                ]
              }
            ],
            "location": "ASIA-EAST1",
            "logging": [],
            "name": "nfl-data-lake_nfl-project-de",
            "project": "nfl-project-de",
            "public_access_prevention": "inherited",
            "requester_pays": false,
            "retention_policy": [],
            "self_link": "https://www.googleapis.com/storage/v1/b/nfl-data-lake_nfl-project-de",
            "storage_class": "STANDARD",
            "timeouts": null,
            "uniform_bucket_level_access": true,
            "url": "gs://nfl-data-lake_nfl-project-de",
            "versioning": [
              {
                "enabled": true
              }
            ],
            "website": []
          },
          "sensitive_attributes": [],
          "private": "eyJlMmJmYjczMC1lY2FhLTExZTYtOGY4OC0zNDM2M2JjN2M0YzAiOnsiY3JlYXRlIjo2MDAwMDAwMDAwMDAsInJlYWQiOjI0MDAwMDAwMDAwMCwidXBkYXRlIjoyNDAwMDAwMDAwMDB9fQ=="
        }
      ]
    },
    {
      "mode": "managed",
      "type": "google_storage_bucket",
      "name": "dataproc-bucket",
      "provider": "provider[\"registry.terraform.io/hashicorp/google\"]",
      "instances": [
        {
          "schema_version": 0,
          "attributes": {
            "autoclass": [],
            "cors": [],
            "custom_placement_config": [],
            "default_event_based_hold": false,
            "encryption": [],
            "force_destroy": true,
            "id": "nfl-spark-staging_nfl-project-de",
            "labels": {},
            "lifecycle_rule": [
              {
                "action": [
                  {
                    "storage_class": "",
                    "type": "Delete"
                  }
                ],
                "condition": [
                  {
                    "age": 30,
                    "created_before": "",
                    "custom_time_before": "",
                    "days_since_custom_time": 0,
                    "days_since_noncurrent_time": 0,
                    "matches_prefix": [],
                    "matches_storage_class": [],
                    "matches_suffix": [],
                    "noncurrent_time_before": "",
                    "num_newer_versions": 0,
                    "with_state": "ANY"
                  }
                ]
              }
            ],
            "location": "ASIA-EAST1",
            "logging": [],
            "name": "nfl-spark-staging_nfl-project-de",
            "project": "nfl-project-de",
            "public_access_prevention": "inherited",
            "requester_pays": false,
            "retention_policy": [],
            "self_link": "https://www.googleapis.com/storage/v1/b/nfl-spark-staging_nfl-project-de",
            "storage_class": "STANDARD",
            "timeouts": null,
            "uniform_bucket_level_access": true,
            "url": "gs://nfl-spark-staging_nfl-project-de",
            "versioning": [
              {
                "enabled": true
              }
            ],
            "website": []
          },
          "sensitive_attributes": [],
          "private": "eyJlMmJmYjczMC1lY2FhLTExZTYtOGY4OC0zNDM2M2JjN2M0YzAiOnsiY3JlYXRlIjo2MDAwMDAwMDAwMDAsInJlYWQiOjI0MDAwMDAwMDAwMCwidXBkYXRlIjoyNDAwMDAwMDAwMDB9fQ=="
        }
      ]
    }
  ],
  "check_results": null
}
